
Microsoft Visual Studio Solution File, Format Version 12.00
# Visual Studio Version 17
VisualStudioVersion = 17.8.34330.188
MinimumVisualStudioVersion = 10.0.40219.1
Project("{FAE04EC0-301F-11D3-BF4B-00C04F79EFBC}") = "MvcCoreEntregaContinua", "MvcCoreEntregaContinua\MvcCoreEntregaContinua.csproj", "{84C06D25-1C64-4B12-B973-4F491E52ADFA}"
EndProject
Global
	GlobalSection(SolutionConfigurationPlatforms) = preSolution
		Debug|Any CPU = Debug|Any CPU
		Release|Any CPU = Release|Any CPU
	EndGlobalSection
	GlobalSection(ProjectConfigurationPlatforms) = postSolution
		{84C06D25-1C64-4B12-B973-4F491E52ADFA}.Debug|Any CPU.ActiveCfg = Debug|Any CPU
		{84C06D25-1C64-4B12-B973-4F491E52ADFA}.Debug|Any CPU.Build.0 = Debug|Any CPU
		{84C06D25-1C64-4B12-B973-4F491E52ADFA}.Release|Any CPU.ActiveCfg = Release|Any CPU
		{84C06D25-1C64-4B12-B973-4F491E52ADFA}.Release|Any CPU.Build.0 = Release|Any CPU
	EndGlobalSection
	GlobalSection(SolutionProperties) = preSolution
		HideSolutionNode = FALSE
	EndGlobalSection
	GlobalSection(ExtensibilityGlobals) = postSolution
		SolutionGuid = {4D57B577-0F85-4082-9D6F-6408CDC77D5A}
	EndGlobalSection
EndGlobal
